dependencies:
- name: grafana-agent
  repository: https://grafana.github.io/helm-charts
  version: 0.44.2
- name: grafana-agent
  repository: https://grafana.github.io/helm-charts
  version: 0.44.2
- name: kube-state-metrics
  repository: https://prometheus-community.github.io/helm-charts
  version: 5.15.2
- name: prometheus-node-exporter
  repository: https://prometheus-community.github.io/helm-charts
  version: 4.24.0
- name: prometheus-operator-crds
  repository: https://prometheus-community.github.io/helm-charts
  version: 7.0.0
- name: prometheus-windows-exporter
  repository: https://prometheus-community.github.io/helm-charts
  version: 0.1.2
- name: opencost
  repository: https://opencost.github.io/opencost-helm-chart
  version: 1.22.3
digest: sha256:03da099eac25fa0184680257a3c7dcb31daa9fceb304bd37f02feaaf7137a068
generated: "2026-09-05T02:52:10.166106639Z"
