dependencies:
- name: grafana-agent
  repository: https://grafana.github.io/helm-charts
  version: 0.28.0
- name: grafana-agent
  repository: https://grafana.github.io/helm-charts
  version: 0.28.0
- name: kube-state-metrics
  repository: https://prometheus-community.github.io/helm-charts
  version: 5.15.2
- name: prometheus-node-exporter
  repository: https://prometheus-community.github.io/helm-charts
  version: 4.24.0
- name: prometheus-operator-crds
  repository: https://prometheus-community.github.io/helm-charts
  version: 7.0.0
- name: prometheus-windows-exporter
  repository: https://prometheus-community.github.io/helm-charts
  version: 0.1.2
- name: opencost
  repository: https://opencost.github.io/opencost-helm-chart
  version: 1.43.2
digest: sha256:9bdcf60a67cd5fa82be90ed90ec2cb4dac8a61dc156926d4ac6441e61436702b
generated: "2025-02-01T01:11:24.254208904Z"
