dependencies:
- name: grafana-agent
  repository: https://grafana.github.io/helm-charts
  version: 0.28.0
- name: grafana-agent
  repository: https://grafana.github.io/helm-charts
  version: 0.28.0
- name: kube-state-metrics
  repository: https://prometheus-community.github.io/helm-charts
  version: 5.15.2
- name: prometheus-node-exporter
  repository: https://prometheus-community.github.io/helm-charts
  version: 4.57.0
- name: prometheus-operator-crds
  repository: https://prometheus-community.github.io/helm-charts
  version: 7.0.0
- name: prometheus-windows-exporter
  repository: https://prometheus-community.github.io/helm-charts
  version: 0.1.2
- name: opencost
  repository: https://opencost.github.io/opencost-helm-chart
  version: 1.22.3
digest: sha256:86912e24d7f1346dd55ff797bede9a076630f3e8840df9bb55a5fd74ab102dc4
generated: "2026-09-13T03:02:29.81454124Z"
